
Microsoft Visual Studio Solution File, Format Version 12.00
# Visual Studio 15
VisualStudioVersion = 15.0.27428.1
MinimumVisualStudioVersion = 10.0.40219.1
Project("{FAE04EC0-301F-11D3-BF4B-00C04F79EFBC}") = "Euklidas", "Euklidas\Euklidas.csproj", "{6963E545-C1C2-44AF-A360-11CD1B16AE41}"
EndProject
Global
	GlobalSection(SolutionConfigurationPlatforms) = preSolution
		Debug|Any CPU = Debug|Any CPU
		Release|Any CPU = Release|Any CPU
	EndGlobalSection
	GlobalSection(ProjectConfigurationPlatforms) = postSolution
		{6963E545-C1C2-44AF-A360-11CD1B16AE41}.Debug|Any CPU.ActiveCfg = Debug|Any CPU
		{6963E545-C1C2-44AF-A360-11CD1B16AE41}.Debug|Any CPU.Build.0 = Debug|Any CPU
		{6963E545-C1C2-44AF-A360-11CD1B16AE41}.Release|Any CPU.ActiveCfg = Release|Any CPU
		{6963E545-C1C2-44AF-A360-11CD1B16AE41}.Release|Any CPU.Build.0 = Release|Any CPU
	EndGlobalSection
	GlobalSection(SolutionProperties) = preSolution
		HideSolutionNode = FALSE
	EndGlobalSection
	GlobalSection(ExtensibilityGlobals) = postSolution
		SolutionGuid = {9B13B32F-E079-472B-85E6-1FD96F74BD64}
	EndGlobalSection
EndGlobal
